
Microsoft Visual Studio Solution File, Format Version 12.00
# Visual Studio Version 16
VisualStudioVersion = 16.0.30523.141
MinimumVisualStudioVersion = 10.0.40219.1
Project("{9A19103F-16F7-4668-BE54-9A1E7A4F7556}") = "PictlAPI", "PictlAPI\PictlAPI.csproj", "{F7898881-1503-47EE-AF4F-D211D0276F5D}"
EndProject
Project("{9A19103F-16F7-4668-BE54-9A1E7A4F7556}") = "PictlData", "PictlData\PictlData.csproj", "{2289D8D8-40A8-4BB2-BBF8-55200A242A67}"
EndProject
Project("{FAE04EC0-301F-11D3-BF4B-00C04F79EFBC}") = "PictlCommon", "PictlCommon\PictlCommon.csproj", "{50416DF9-18CF-4758-8141-BF8511FA31AA}"
EndProject
Global
	GlobalSection(SolutionConfigurationPlatforms) = preSolution
		Debug|Any CPU = Debug|Any CPU
		Release|Any CPU = Release|Any CPU
	EndGlobalSection
	GlobalSection(ProjectConfigurationPlatforms) = postSolution
		{F7898881-1503-47EE-AF4F-D211D0276F5D}.Debug|Any CPU.ActiveCfg = Debug|Any CPU
		{F7898881-1503-47EE-AF4F-D211D0276F5D}.Debug|Any CPU.Build.0 = Debug|Any CPU
		{F7898881-1503-47EE-AF4F-D211D0276F5D}.Release|Any CPU.ActiveCfg = Release|Any CPU
		{F7898881-1503-47EE-AF4F-D211D0276F5D}.Release|Any CPU.Build.0 = Release|Any CPU
		{2289D8D8-40A8-4BB2-BBF8-55200A242A67}.Debug|Any CPU.ActiveCfg = Debug|Any CPU
		{2289D8D8-40A8-4BB2-BBF8-55200A242A67}.Debug|Any CPU.Build.0 = Debug|Any CPU
		{2289D8D8-40A8-4BB2-BBF8-55200A242A67}.Release|Any CPU.ActiveCfg = Release|Any CPU
		{2289D8D8-40A8-4BB2-BBF8-55200A242A67}.Release|Any CPU.Build.0 = Release|Any CPU
		{50416DF9-18CF-4758-8141-BF8511FA31AA}.Debug|Any CPU.ActiveCfg = Debug|Any CPU
		{50416DF9-18CF-4758-8141-BF8511FA31AA}.Debug|Any CPU.Build.0 = Debug|Any CPU
		{50416DF9-18CF-4758-8141-BF8511FA31AA}.Release|Any CPU.ActiveCfg = Release|Any CPU
		{50416DF9-18CF-4758-8141-BF8511FA31AA}.Release|Any CPU.Build.0 = Release|Any CPU
	EndGlobalSection
	GlobalSection(SolutionProperties) = preSolution
		HideSolutionNode = FALSE
	EndGlobalSection
	GlobalSection(ExtensibilityGlobals) = postSolution
		SolutionGuid = {E3E32394-AA3A-4DCC-AF51-65338BAC3C68}
	EndGlobalSection
EndGlobal
